
Microsoft Visual Studio Solution File, Format Version 12.00
# Visual Studio Version 16
VisualStudioVersion = 16.0.31702.278
MinimumVisualStudioVersion = 10.0.40219.1
Project("{FAE04EC0-301F-11D3-BF4B-00C04F79EFBC}") = "Projetoweb_Currículo", "Projetoweb_Currículo.csproj", "{8FC7CEC6-20F2-45B8-8B92-E4C61210B211}"
EndProject
Global
	GlobalSection(SolutionConfigurationPlatforms) = preSolution
		Debug|Any CPU = Debug|Any CPU
		Release|Any CPU = Release|Any CPU
	EndGlobalSection
	GlobalSection(ProjectConfigurationPlatforms) = postSolution
		{8FC7CEC6-20F2-45B8-8B92-E4C61210B211}.Debug|Any CPU.ActiveCfg = Debug|Any CPU
		{8FC7CEC6-20F2-45B8-8B92-E4C61210B211}.Debug|Any CPU.Build.0 = Debug|Any CPU
		{8FC7CEC6-20F2-45B8-8B92-E4C61210B211}.Release|Any CPU.ActiveCfg = Release|Any CPU
		{8FC7CEC6-20F2-45B8-8B92-E4C61210B211}.Release|Any CPU.Build.0 = Release|Any CPU
	EndGlobalSection
	GlobalSection(SolutionProperties) = preSolution
		HideSolutionNode = FALSE
	EndGlobalSection
	GlobalSection(ExtensibilityGlobals) = postSolution
		SolutionGuid = {BBCEBC31-B0BC-47E3-85BC-8B04727D0733}
	EndGlobalSection
EndGlobal
